
Microsoft Visual Studio Solution File, Format Version 11.00
# Visual Studio 2010
Project("{FAE04EC0-301F-11D3-BF4B-00C04F79EFBC}") = "DT", "DT\DT.csproj", "{8E111AD7-DA0E-4E0B-A938-ACA4437E9007}"
EndProject
Project("{FAE04EC0-301F-11D3-BF4B-00C04F79EFBC}") = "ToolFunction", "..\ToolFunction\ToolFunction.csproj", "{CC31A36E-5955-4F86-9B49-6ECC79949490}"
EndProject
Global
	GlobalSection(SolutionConfigurationPlatforms) = preSolution
		Debug|Any CPU = Debug|Any CPU
		Release|Any CPU = Release|Any CPU
	EndGlobalSection
	GlobalSection(ProjectConfigurationPlatforms) = postSolution
		{8E111AD7-DA0E-4E0B-A938-ACA4437E9007}.Debug|Any CPU.ActiveCfg = Debug|Any CPU
		{8E111AD7-DA0E-4E0B-A938-ACA4437E9007}.Debug|Any CPU.Build.0 = Debug|Any CPU
		{8E111AD7-DA0E-4E0B-A938-ACA4437E9007}.Release|Any CPU.ActiveCfg = Release|Any CPU
		{8E111AD7-DA0E-4E0B-A938-ACA4437E9007}.Release|Any CPU.Build.0 = Release|Any CPU
		{CC31A36E-5955-4F86-9B49-6ECC79949490}.Debug|Any CPU.ActiveCfg = Debug|Any CPU
		{CC31A36E-5955-4F86-9B49-6ECC79949490}.Debug|Any CPU.Build.0 = Debug|Any CPU
		{CC31A36E-5955-4F86-9B49-6ECC79949490}.Release|Any CPU.ActiveCfg = Release|Any CPU
		{CC31A36E-5955-4F86-9B49-6ECC79949490}.Release|Any CPU.Build.0 = Release|Any CPU
	EndGlobalSection
	GlobalSection(SolutionProperties) = preSolution
		HideSolutionNode = FALSE
	EndGlobalSection
EndGlobal
